schema: '2.0'
stages:
  prepare_data:
    cmd: uv run python src/prepare_dataset.py
    deps:
    - path: data/prompt-template.md
      hash: md5
      md5: 13c652e6b7c3cd9bcf7ff78ba4b67206
      size: 207
    - path: data/raw/
      hash: md5
      md5: ea467c6fb97086663499421017e56aab.dir
      size: 140116
      nfiles: 33
    - path: data/system-prompt.md
      hash: md5
      md5: 702bb6cd55b5f8b86fcedfb816e67e7c
      size: 3626
    - path: src/prepare_dataset.py
      hash: md5
      md5: f981b558d0704ea3aeca99443e622d5f
      size: 9057
    outs:
    - path: data/train/dataset.jsonl
      hash: md5
      md5: 1291fc2c082e83301d80f5b717f42e19
      size: 206234
